<?xml version="1.0" encoding="utf-8"?>
<Project ToolsVersion="4.0" xmlns="http://schemas.microsoft.com/developer/msbuild/2003">
  <ItemGroup>
    <Filter Include="Source Files">
      <UniqueIdentifier>{4FC737F1-C7A5-4376-A066-2A32D752A2FF}</UniqueIdentifier>
      <Extensions>cpp;c;cc;cxx;c++;cppm;ixx;def;odl;idl;hpj;bat;asm;asmx</Extensions>
    </Filter>
    <Filter Include="Header Files">
      <UniqueIdentifier>{93995380-89BD-4b04-88EB-625FBE52EBFB}</UniqueIdentifier>
      <Extensions>h;hh;hpp;hxx;h++;hm;inl;inc;ipp;xsd</Extensions>
    </Filter>
    <Filter Include="Resource Files">
      <UniqueIdentifier>{67DA6AB6-F800-4c08-8B7A-83BB121AAD01}</UniqueIdentifier>
      <Extensions>rc;ico;cur;bmp;dlg;rc2;rct;bin;rgs;gif;jpg;jpeg;jpe;resx;tiff;tif;png;wav;mfcribbon-ms</Extensions>
    </Filter>
  </ItemGroup>
  <ItemGroup>
    <ClInclude Include="framework.h">
      <Filter>Header Files</Filter>
    </ClInclude>
    <ClInclude Include="Tomo_Win64DLL.h">
      <Filter>Header Files</Filter>
    </ClInclude>
    <ClInclude Include="pch.h">
      <Filter>Header Files</Filter>
    </ClInclude>
    <ClInclude Include="STomoPixel.h">
      <Filter>Header Files</Filter>
    </ClInclude>
    <ClInclude Include="Tomo_types.h">
      <Filter>Header Files</Filter>
    </ClInclude>
    <ClInclude Include="cpu_src\STomoVoxelSpaceInfo.h">
      <Filter>Header Files</Filter>
    </ClInclude>
    <ClInclude Include="cpu_src\STomoNV_Base.h">
      <Filter>Header Files</Filter>
    </ClInclude>
    <ClInclude Include="cpu_src\STomoNV_INT3.h">
      <Filter>Header Files</Filter>
    </ClInclude>
    <ClInclude Include="cpu_src\STomoNV_TMPxl.h">
      <Filter>Header Files</Filter>
    </ClInclude>
    <ClInclude Include="cpu_src\STomoPixel.h">
      <Filter>Header Files</Filter>
    </ClInclude>
    <ClInclude Include="cpu_src\STPSlot.h">
      <Filter>Header Files</Filter>
    </ClInclude>
    <ClInclude Include="cpu_src\STomoAABB2D.h">
      <Filter>Header Files</Filter>
    </ClInclude>
    <ClInclude Include="cpu_src\STomoAABB3Df.h">
      <Filter>Header Files</Filter>
    </ClInclude>
    <ClInclude Include="cpu_src\S3DPrinterInfo.h">
      <Filter>Header Files</Filter>
    </ClInclude>
    <ClInclude Include="cpu_src\STomoVolMassInfo.h">
      <Filter>Header Files</Filter>
    </ClInclude>
    <ClInclude Include="cpu_src\STomoVoxel.h">
      <Filter>Header Files</Filter>
    </ClInclude>
    <ClInclude Include="cpu_src\STomoTriangle.h">
      <Filter>Header Files</Filter>
    </ClInclude>
    <ClInclude Include="cuda_src\step4_reducedSum.cuh" />
    <ClInclude Include="cpu_src\SMatrix4f.h">
      <Filter>Header Files</Filter>
    </ClInclude>
    <ClInclude Include="cuda_src\SYPRInfo.h">
      <Filter>Header Files</Filter>
    </ClInclude>
    <ClInclude Include="cuda_src\step1_voxelize.cuh" />
    <ClInclude Include="cuda_src\CUDA_types.cuh" />
    <ClInclude Include="cuda_src\atomicWrite.cuh" />
    <ClInclude Include="cuda_src\step2_slotPairing.cuh" />
    <ClInclude Include="cuda_src\STomoNV_CUDA.cuh" />
    <ClInclude Include="cuda_src\SlotData.cuh" />
    <ClInclude Include="cuda_src\step1_rotCVVoxel.cuh" />
    <ClInclude Include="cuda_src\step3_generateBed.cuh" />
    <ClInclude Include="cpu_src\STomoNV_CvxH.h">
      <Filter>Header Files</Filter>
    </ClInclude>
    <ClInclude Include="cpu_src\SMatrix33f.h">
      <Filter>Header Files</Filter>
    </ClInclude>
  </ItemGroup>
  <ItemGroup>
    <ClCompile Include="Tomo_Win64DLL.cpp">
      <Filter>Source Files</Filter>
    </ClCompile>
    <ClCompile Include="dllmain.cpp">
      <Filter>Source Files</Filter>
    </ClCompile>
    <ClCompile Include="pch.cpp">
      <Filter>Source Files</Filter>
    </ClCompile>
    <ClCompile Include="Tomo_types.cpp">
      <Filter>Source Files</Filter>
    </ClCompile>
    <ClCompile Include="cpu_src\STomoVoxelSpaceInfo.cpp">
      <Filter>Source Files</Filter>
    </ClCompile>
    <ClCompile Include="cpu_src\STomoNV_Base.cpp">
      <Filter>Source Files</Filter>
    </ClCompile>
    <ClCompile Include="cpu_src\STomoNV_INT3.cpp">
      <Filter>Source Files</Filter>
    </ClCompile>
    <ClCompile Include="cpu_src\STomoNV_TMPxl.cpp">
      <Filter>Source Files</Filter>
    </ClCompile>
    <ClCompile Include="cpu_src\STomoPixel.cpp">
      <Filter>Source Files</Filter>
    </ClCompile>
    <ClCompile Include="cpu_src\STPSlot.cpp">
      <Filter>Source Files</Filter>
    </ClCompile>
    <ClCompile Include="cpu_src\STomoAABB2D.cpp">
      <Filter>Source Files</Filter>
    </ClCompile>
    <ClCompile Include="cpu_src\STomoAABB3Df.cpp">
      <Filter>Source Files</Filter>
    </ClCompile>
    <ClCompile Include="cpu_src\S3DPrinterInfo.cpp">
      <Filter>Source Files</Filter>
    </ClCompile>
    <ClCompile Include="cpu_src\STomoVolMassInfo.cpp">
      <Filter>Source Files</Filter>
    </ClCompile>
    <ClCompile Include="cpu_src\STomoVoxel.cpp">
      <Filter>Source Files</Filter>
    </ClCompile>
    <ClCompile Include="cpu_src\STomoTriangle.cpp">
      <Filter>Source Files</Filter>
    </ClCompile>
    <ClCompile Include="cpu_src\SMatrix4f.cpp">
      <Filter>Source Files</Filter>
    </ClCompile>
    <ClCompile Include="cuda_src\SYPRInfo.cpp">
      <Filter>Source Files</Filter>
    </ClCompile>
    <ClCompile Include="cpu_src\STomoNV_CvxH.cpp">
      <Filter>Source Files</Filter>
    </ClCompile>
    <ClCompile Include="cpu_src\SMatrix33f.cpp">
      <Filter>Source Files</Filter>
    </ClCompile>
  </ItemGroup>
  <ItemGroup>
    <CudaCompile Include="cuda_src\step4_reducedSum.cu" />
    <CudaCompile Include="cuda_src\step1_voxelize.cu" />
    <CudaCompile Include="cuda_src\atomicWrite.cu" />
    <CudaCompile Include="cuda_src\CUDA_types.cu" />
    <CudaCompile Include="cuda_src\step2_slotPairing.cu" />
    <CudaCompile Include="cuda_src\STomoNV_CUDA.cu" />
    <CudaCompile Include="cuda_src\SlotData.cu" />
    <CudaCompile Include="cuda_src\step1_rotCVVoxel.cu" />
    <CudaCompile Include="cuda_src\step3_generateBed.cu" />
  </ItemGroup>
</Project>